
Microsoft Visual Studio Solution File, Format Version 12.00
# Visual Studio Version 17
VisualStudioVersion = 17.2.32526.322
MinimumVisualStudioVersion = 10.0.40219.1
Project("{FAE04EC0-301F-11D3-BF4B-00C04F79EFBC}") = "ArincReader", "Data Helpers\FpAssistantCoreScl\ArincReader.csproj", "{7791BA48-3C08-453D-A55B-F88F58A545BD}"
EndProject
Project("{FAE04EC0-301F-11D3-BF4B-00C04F79EFBC}") = "VatSim", "Data Helpers\VatSim\VatSim.csproj", "{F0A5178E-F1C8-4702-8604-9FA76D557000}"
EndProject
Project("{FAE04EC0-301F-11D3-BF4B-00C04F79EFBC}") = "VatSim_EDM", "Data Helpers\VatSim_EDM\VatSim_EDM.csproj", "{F1E1F8DE-DBAE-4268-879D-28CF704262B3}"
EndProject
Project("{FAE04EC0-301F-11D3-BF4B-00C04F79EFBC}") = "ATC-Helper", "ATC-Helper\ATC-Helper.csproj", "{80B08F14-5BD3-4EC4-A5D8-EC528E9F55E7}"
EndProject
Project("{FAE04EC0-301F-11D3-BF4B-00C04F79EFBC}") = "ChrisGonzalez.net", "Web\ChrisGonzalez.net\ChrisGonzalez.net.csproj", "{D29D76FF-CFC0-43A9-BF3B-14616A574062}"
EndProject
Project("{FAE04EC0-301F-11D3-BF4B-00C04F79EFBC}") = "WebDB_EDM", "Data Helpers\WebDB_EDM\WebDB_EDM.csproj", "{440EF67F-FDB0-43BF-A96D-EEFC7F5659DF}"
EndProject
Project("{FAE04EC0-301F-11D3-BF4B-00C04F79EFBC}") = "ATCHelper-CommonClasses", "Helper Classes\ATCHelper-CommonClasses\ATCHelper-CommonClasses.csproj", "{BC4AC8CC-5D21-4531-BCF1-C69A03A2E691}"
EndProject
Project("{FAE04EC0-301F-11D3-BF4B-00C04F79EFBC}") = "UIToolbox", "Helper Classes\CollapsibleGroupBox\UIToolbox.csproj", "{8627A537-FB00-4E34-ACC5-AE8FC32855D3}"
EndProject
Project("{FAE04EC0-301F-11D3-BF4B-00C04F79EFBC}") = "ATC-Helper_EDM", "Data Helpers\ATC-Helper_EDM\ATC-Helper_EDM.csproj", "{F7DC1521-8B9E-44B4-B8D1-5B97AC19603A}"
EndProject
Project("{FAE04EC0-301F-11D3-BF4B-00C04F79EFBC}") = "WS_Tester", "Web\WS_Tester\WS_Tester.csproj", "{D98FCCFC-9A16-47C6-A1A0-38ADE692E92C}"
EndProject
Project("{2150E333-8FDC-42A3-9474-1A3956D46DE8}") = "Data Helpers", "Data Helpers", "{EA879A51-D42F-40D5-A9F3-C42F85EF569B}"
EndProject
Project("{2150E333-8FDC-42A3-9474-1A3956D46DE8}") = "Helper Classes", "Helper Classes", "{7D405208-9DA5-4B4C-A990-EADE1CCBBD25}"
EndProject
Project("{2150E333-8FDC-42A3-9474-1A3956D46DE8}") = "Web", "Web", "{26201565-7BF5-4EB3-A4B4-23ED61FB9632}"
EndProject
Global
	GlobalSection(SolutionConfigurationPlatforms) = preSolution
		Debug|Any CPU = Debug|Any CPU
		Release|Any CPU = Release|Any CPU
	EndGlobalSection
	GlobalSection(ProjectConfigurationPlatforms) = postSolution
		{7791BA48-3C08-453D-A55B-F88F58A545BD}.Debug|Any CPU.ActiveCfg = Debug|Any CPU
		{7791BA48-3C08-453D-A55B-F88F58A545BD}.Debug|Any CPU.Build.0 = Debug|Any CPU
		{7791BA48-3C08-453D-A55B-F88F58A545BD}.Release|Any CPU.ActiveCfg = Release|Any CPU
		{7791BA48-3C08-453D-A55B-F88F58A545BD}.Release|Any CPU.Build.0 = Release|Any CPU
		{F0A5178E-F1C8-4702-8604-9FA76D557000}.Debug|Any CPU.ActiveCfg = Debug|Any CPU
		{F0A5178E-F1C8-4702-8604-9FA76D557000}.Debug|Any CPU.Build.0 = Debug|Any CPU
		{F0A5178E-F1C8-4702-8604-9FA76D557000}.Release|Any CPU.ActiveCfg = Release|Any CPU
		{F0A5178E-F1C8-4702-8604-9FA76D557000}.Release|Any CPU.Build.0 = Release|Any CPU
		{F1E1F8DE-DBAE-4268-879D-28CF704262B3}.Debug|Any CPU.ActiveCfg = Debug|Any CPU
		{F1E1F8DE-DBAE-4268-879D-28CF704262B3}.Debug|Any CPU.Build.0 = Debug|Any CPU
		{F1E1F8DE-DBAE-4268-879D-28CF704262B3}.Release|Any CPU.ActiveCfg = Release|Any CPU
		{F1E1F8DE-DBAE-4268-879D-28CF704262B3}.Release|Any CPU.Build.0 = Release|Any CPU
		{80B08F14-5BD3-4EC4-A5D8-EC528E9F55E7}.Debug|Any CPU.ActiveCfg = Debug|Any CPU
		{80B08F14-5BD3-4EC4-A5D8-EC528E9F55E7}.Debug|Any CPU.Build.0 = Debug|Any CPU
		{80B08F14-5BD3-4EC4-A5D8-EC528E9F55E7}.Release|Any CPU.ActiveCfg = Release|Any CPU
		{80B08F14-5BD3-4EC4-A5D8-EC528E9F55E7}.Release|Any CPU.Build.0 = Release|Any CPU
		{D29D76FF-CFC0-43A9-BF3B-14616A574062}.Debug|Any CPU.ActiveCfg = Debug|Any CPU
		{D29D76FF-CFC0-43A9-BF3B-14616A574062}.Debug|Any CPU.Build.0 = Debug|Any CPU
		{D29D76FF-CFC0-43A9-BF3B-14616A574062}.Release|Any CPU.ActiveCfg = Release|Any CPU
		{D29D76FF-CFC0-43A9-BF3B-14616A574062}.Release|Any CPU.Build.0 = Release|Any CPU
		{440EF67F-FDB0-43BF-A96D-EEFC7F5659DF}.Debug|Any CPU.ActiveCfg = Debug|Any CPU
		{440EF67F-FDB0-43BF-A96D-EEFC7F5659DF}.Debug|Any CPU.Build.0 = Debug|Any CPU
		{440EF67F-FDB0-43BF-A96D-EEFC7F5659DF}.Release|Any CPU.ActiveCfg = Release|Any CPU
		{440EF67F-FDB0-43BF-A96D-EEFC7F5659DF}.Release|Any CPU.Build.0 = Release|Any CPU
		{BC4AC8CC-5D21-4531-BCF1-C69A03A2E691}.Debug|Any CPU.ActiveCfg = Debug|Any CPU
		{BC4AC8CC-5D21-4531-BCF1-C69A03A2E691}.Debug|Any CPU.Build.0 = Debug|Any CPU
		{BC4AC8CC-5D21-4531-BCF1-C69A03A2E691}.Release|Any CPU.ActiveCfg = Release|Any CPU
		{BC4AC8CC-5D21-4531-BCF1-C69A03A2E691}.Release|Any CPU.Build.0 = Release|Any CPU
		{8627A537-FB00-4E34-ACC5-AE8FC32855D3}.Debug|Any CPU.ActiveCfg = Debug|Any CPU
		{8627A537-FB00-4E34-ACC5-AE8FC32855D3}.Debug|Any CPU.Build.0 = Debug|Any CPU
		{8627A537-FB00-4E34-ACC5-AE8FC32855D3}.Release|Any CPU.ActiveCfg = Release|Any CPU
		{8627A537-FB00-4E34-ACC5-AE8FC32855D3}.Release|Any CPU.Build.0 = Release|Any CPU
		{F7DC1521-8B9E-44B4-B8D1-5B97AC19603A}.Debug|Any CPU.ActiveCfg = Debug|Any CPU
		{F7DC1521-8B9E-44B4-B8D1-5B97AC19603A}.Debug|Any CPU.Build.0 = Debug|Any CPU
		{F7DC1521-8B9E-44B4-B8D1-5B97AC19603A}.Release|Any CPU.ActiveCfg = Release|Any CPU
		{F7DC1521-8B9E-44B4-B8D1-5B97AC19603A}.Release|Any CPU.Build.0 = Release|Any CPU
		{D98FCCFC-9A16-47C6-A1A0-38ADE692E92C}.Debug|Any CPU.ActiveCfg = Debug|Any CPU
		{D98FCCFC-9A16-47C6-A1A0-38ADE692E92C}.Debug|Any CPU.Build.0 = Debug|Any CPU
		{D98FCCFC-9A16-47C6-A1A0-38ADE692E92C}.Release|Any CPU.ActiveCfg = Release|Any CPU
		{D98FCCFC-9A16-47C6-A1A0-38ADE692E92C}.Release|Any CPU.Build.0 = Release|Any CPU
	EndGlobalSection
	GlobalSection(SolutionProperties) = preSolution
		HideSolutionNode = FALSE
	EndGlobalSection
	GlobalSection(NestedProjects) = preSolution
		{7791BA48-3C08-453D-A55B-F88F58A545BD} = {EA879A51-D42F-40D5-A9F3-C42F85EF569B}
		{F0A5178E-F1C8-4702-8604-9FA76D557000} = {EA879A51-D42F-40D5-A9F3-C42F85EF569B}
		{F1E1F8DE-DBAE-4268-879D-28CF704262B3} = {EA879A51-D42F-40D5-A9F3-C42F85EF569B}
		{D29D76FF-CFC0-43A9-BF3B-14616A574062} = {26201565-7BF5-4EB3-A4B4-23ED61FB9632}
		{440EF67F-FDB0-43BF-A96D-EEFC7F5659DF} = {EA879A51-D42F-40D5-A9F3-C42F85EF569B}
		{BC4AC8CC-5D21-4531-BCF1-C69A03A2E691} = {7D405208-9DA5-4B4C-A990-EADE1CCBBD25}
		{8627A537-FB00-4E34-ACC5-AE8FC32855D3} = {7D405208-9DA5-4B4C-A990-EADE1CCBBD25}
		{F7DC1521-8B9E-44B4-B8D1-5B97AC19603A} = {EA879A51-D42F-40D5-A9F3-C42F85EF569B}
		{D98FCCFC-9A16-47C6-A1A0-38ADE692E92C} = {26201565-7BF5-4EB3-A4B4-23ED61FB9632}
	EndGlobalSection
	GlobalSection(ExtensibilityGlobals) = postSolution
		SolutionGuid = {DCF435B3-54D8-4B2B-8575-E36ED0903ACE}
	EndGlobalSection
EndGlobal
